
Microsoft Visual Studio Solution File, Format Version 12.00
# Visual Studio 14
VisualStudioVersion = 14.0.25420.1
MinimumVisualStudioVersion = 10.0.40219.1
Project("{FAE04EC0-301F-11D3-BF4B-00C04F79EFBC}") = "_AdoNetProfiler.Demo.Console", "demo\_AdoNetProfiler.Demo.Console\_AdoNetProfiler.Demo.Console.csproj", "{99F6ABC5-2410-4975-A290-C616A7B8673B}"
EndProject
Project("{FAE04EC0-301F-11D3-BF4B-00C04F79EFBC}") = "_AdoNetProfiler.Demo.Web", "demo\_AdoNetProfiler.Demo.Web\_AdoNetProfiler.Demo.Web.csproj", "{89AC6CB8-0A77-4FB7-B161-9354E4FA4B88}"
EndProject
Project("{2150E333-8FDC-42A3-9474-1A3956D46DE8}") = "src", "src", "{92781B86-EFF9-461B-BF97-50375E47C8A3}"
EndProject
Project("{8BB2217D-0F2D-49D1-97BC-3654ED321F3B}") = "AdoNetProfiler", "src\AdoNetProfiler\AdoNetProfiler.xproj", "{A0197ADD-20E0-42C9-98DC-EF5464F62FD0}"
EndProject
Project("{8BB2217D-0F2D-49D1-97BC-3654ED321F3B}") = "Glimpse.AdoNetProfiler", "src\Glimpse.AdoNetProfiler\Glimpse.AdoNetProfiler.xproj", "{0AA019FC-DD58-4744-9C7E-DC70765A8FE9}"
EndProject
Project("{2150E333-8FDC-42A3-9474-1A3956D46DE8}") = "demo", "demo", "{4080A2C2-A9DE-4A4B-9187-DE4B24CC904B}"
EndProject
Project("{2150E333-8FDC-42A3-9474-1A3956D46DE8}") = ".Solution Items", ".Solution Items", "{8440916E-ECC3-49D7-9735-A4551BC65E39}"
	ProjectSection(SolutionItems) = preProject
		global.json = global.json
	EndProjectSection
EndProject
Project("{8BB2217D-0F2D-49D1-97BC-3654ED321F3B}") = "AdoNetProfiler.Demo.ConsoleApp.NetCore", "demo\AdoNetProfiler.Demo.ConsoleApp.NetCore\AdoNetProfiler.Demo.ConsoleApp.NetCore.xproj", "{60AA49B7-4D63-45CE-A4AE-5B4DC91BFF9A}"
EndProject
Global
	GlobalSection(SolutionConfigurationPlatforms) = preSolution
		Debug|Any CPU = Debug|Any CPU
		Release|Any CPU = Release|Any CPU
	EndGlobalSection
	GlobalSection(ProjectConfigurationPlatforms) = postSolution
		{99F6ABC5-2410-4975-A290-C616A7B8673B}.Debug|Any CPU.ActiveCfg = Debug|Any CPU
		{99F6ABC5-2410-4975-A290-C616A7B8673B}.Debug|Any CPU.Build.0 = Debug|Any CPU
		{99F6ABC5-2410-4975-A290-C616A7B8673B}.Release|Any CPU.ActiveCfg = Release|Any CPU
		{99F6ABC5-2410-4975-A290-C616A7B8673B}.Release|Any CPU.Build.0 = Release|Any CPU
		{89AC6CB8-0A77-4FB7-B161-9354E4FA4B88}.Debug|Any CPU.ActiveCfg = Debug|Any CPU
		{89AC6CB8-0A77-4FB7-B161-9354E4FA4B88}.Debug|Any CPU.Build.0 = Debug|Any CPU
		{89AC6CB8-0A77-4FB7-B161-9354E4FA4B88}.Release|Any CPU.ActiveCfg = Release|Any CPU
		{89AC6CB8-0A77-4FB7-B161-9354E4FA4B88}.Release|Any CPU.Build.0 = Release|Any CPU
		{A0197ADD-20E0-42C9-98DC-EF5464F62FD0}.Debug|Any CPU.ActiveCfg = Debug|Any CPU
		{A0197ADD-20E0-42C9-98DC-EF5464F62FD0}.Debug|Any CPU.Build.0 = Debug|Any CPU
		{A0197ADD-20E0-42C9-98DC-EF5464F62FD0}.Release|Any CPU.ActiveCfg = Release|Any CPU
		{A0197ADD-20E0-42C9-98DC-EF5464F62FD0}.Release|Any CPU.Build.0 = Release|Any CPU
		{0AA019FC-DD58-4744-9C7E-DC70765A8FE9}.Debug|Any CPU.ActiveCfg = Debug|Any CPU
		{0AA019FC-DD58-4744-9C7E-DC70765A8FE9}.Debug|Any CPU.Build.0 = Debug|Any CPU
		{0AA019FC-DD58-4744-9C7E-DC70765A8FE9}.Release|Any CPU.ActiveCfg = Release|Any CPU
		{0AA019FC-DD58-4744-9C7E-DC70765A8FE9}.Release|Any CPU.Build.0 = Release|Any CPU
		{60AA49B7-4D63-45CE-A4AE-5B4DC91BFF9A}.Debug|Any CPU.ActiveCfg = Debug|Any CPU
		{60AA49B7-4D63-45CE-A4AE-5B4DC91BFF9A}.Debug|Any CPU.Build.0 = Debug|Any CPU
		{60AA49B7-4D63-45CE-A4AE-5B4DC91BFF9A}.Release|Any CPU.ActiveCfg = Release|Any CPU
		{60AA49B7-4D63-45CE-A4AE-5B4DC91BFF9A}.Release|Any CPU.Build.0 = Release|Any CPU
	EndGlobalSection
	GlobalSection(SolutionProperties) = preSolution
		HideSolutionNode = FALSE
	EndGlobalSection
	GlobalSection(NestedProjects) = preSolution
		{A0197ADD-20E0-42C9-98DC-EF5464F62FD0} = {92781B86-EFF9-461B-BF97-50375E47C8A3}
		{0AA019FC-DD58-4744-9C7E-DC70765A8FE9} = {92781B86-EFF9-461B-BF97-50375E47C8A3}
		{60AA49B7-4D63-45CE-A4AE-5B4DC91BFF9A} = {4080A2C2-A9DE-4A4B-9187-DE4B24CC904B}
	EndGlobalSection
EndGlobal
